// !$*UTF8*$!
{
	archiveVersion = 1;
	classes = {
	};
	objectVersion = 50;
	objects = {

/* Begin PBXBuildFile section */
		7A67A96A262C9BE20021BF48 /* HeroDetailViewController.swift in Sources */ = {isa = PBXBuildFile; fileRef = 7A67A969262C9BE20021BF48 /* HeroDetailViewController.swift */; };
		7ADA92AF262D78AD00C2341B /* HeroStat.xcdatamodeld in Sources */ = {isa = PBXBuildFile; fileRef = 7ADA92AD262D78AD00C2341B /* HeroStat.xcdatamodeld */; };
		7AE204FC262C829C0002B233 /* AppDelegate.swift in Sources */ = {isa = PBXBuildFile; fileRef = 7AE204FB262C829C0002B233 /* AppDelegate.swift */; };
		7AE204FE262C829C0002B233 /* SceneDelegate.swift in Sources */ = {isa = PBXBuildFile; fileRef = 7AE204FD262C829C0002B233 /* SceneDelegate.swift */; };
		7AE20500262C829C0002B233 /* ViewController.swift in Sources */ = {isa = PBXBuildFile; fileRef = 7AE204FF262C829C0002B233 /* ViewController.swift */; };
		7AE20503262C829C0002B233 /* Main.storyboard in Resources */ = {isa = PBXBuildFile; fileRef = 7AE20501262C829C0002B233 /* Main.storyboard */; };
		7AE20505262C829E0002B233 /* Assets.xcassets in Resources */ = {isa = PBXBuildFile; fileRef = 7AE20504262C829E0002B233 /* Assets.xcassets */; };
		7AE20508262C829E0002B233 /* LaunchScreen.storyboard in Resources */ = {isa = PBXBuildFile; fileRef = 7AE20506262C829E0002B233 /* LaunchScreen.storyboard */; };
		7AE20514262C82FB0002B233 /* Networking.swift in Sources */ = {isa = PBXBuildFile; fileRef = 7AE20513262C82FB0002B233 /* Networking.swift */; };
		7AE20518262C83F50002B233 /* Model.swift in Sources */ = {isa = PBXBuildFile; fileRef = 7AE20517262C83F50002B233 /* Model.swift */; };
		7AE2051B262C87560002B233 /* Extension.swift in Sources */ = {isa = PBXBuildFile; fileRef = 7AE2051A262C87560002B233 /* Extension.swift */; };
		7AE20522262C8F920002B233 /* RoleCardCollectionViewCell.swift in Sources */ = {isa = PBXBuildFile; fileRef = 7AE20520262C8F920002B233 /* RoleCardCollectionViewCell.swift */; };
		7AE20523262C8F920002B233 /* RoleCardCollectionViewCell.xib in Resources */ = {isa = PBXBuildFile; fileRef = 7AE20521262C8F920002B233 /* RoleCardCollectionViewCell.xib */; };
		7AE20528262C8FBF0002B233 /* HeroCardCollectionViewCell.swift in Sources */ = {isa = PBXBuildFile; fileRef = 7AE20526262C8FBF0002B233 /* HeroCardCollectionViewCell.swift */; };
		7AE20529262C8FBF0002B233 /* HeroCardCollectionViewCell.xib in Resources */ = {isa = PBXBuildFile; fileRef = 7AE20527262C8FBF0002B233 /* HeroCardCollectionViewCell.xib */; };
/* End PBXBuildFile section */

/* Begin PBXFileReference section */
		7A67A969262C9BE20021BF48 /* HeroDetailViewController.swift */ = {isa = PBXFileReference; lastKnownFileType = sourcecode.swift; path = HeroDetailViewController.swift; sourceTree = "<group>"; };
		7ADA92AE262D78AD00C2341B /* HeroStat.xcdatamodel */ = {isa = PBXFileReference; lastKnownFileType = wrapper.xcdatamodel; path = HeroStat.xcdatamodel; sourceTree = "<group>"; };
		7AE204F8262C829C0002B233 /* Hero Stat - William Santoso.app */ = {isa = PBXFileReference; explicitFileType = wrapper.application; includeInIndex = 0; path = "Hero Stat - William Santoso.app"; sourceTree = BUILT_PRODUCTS_DIR; };
		7AE204FB262C829C0002B233 /* AppDelegate.swift */ = {isa = PBXFileReference; lastKnownFileType = sourcecode.swift; path = AppDelegate.swift; sourceTree = "<group>"; };
		7AE204FD262C829C0002B233 /* SceneDelegate.swift */ = {isa = PBXFileReference; lastKnownFileType = sourcecode.swift; path = SceneDelegate.swift; sourceTree = "<group>"; };
		7AE204FF262C829C0002B233 /* ViewController.swift */ = {isa = PBXFileReference; lastKnownFileType = sourcecode.swift; path = ViewController.swift; sourceTree = "<group>"; };
		7AE20502262C829C0002B233 /* Base */ = {isa = PBXFileReference; lastKnownFileType = file.storyboard; name = Base; path = Base.lproj/Main.storyboard; sourceTree = "<group>"; };
		7AE20504262C829E0002B233 /* Assets.xcassets */ = {isa = PBXFileReference; lastKnownFileType = folder.assetcatalog; path = Assets.xcassets; sourceTree = "<group>"; };
		7AE20507262C829E0002B233 /* Base */ = {isa = PBXFileReference; lastKnownFileType = file.storyboard; name = Base; path = Base.lproj/LaunchScreen.storyboard; sourceTree = "<group>"; };
		7AE20509262C829E0002B233 /* Info.plist */ = {isa = PBXFileReference; lastKnownFileType = text.plist.xml; path = Info.plist; sourceTree = "<group>"; };
		7AE20513262C82FB0002B233 /* Networking.swift */ = {isa = PBXFileReference; lastKnownFileType = sourcecode.swift; path = Networking.swift; sourceTree = "<group>"; };
		7AE20517262C83F50002B233 /* Model.swift */ = {isa = PBXFileReference; lastKnownFileType = sourcecode.swift; path = Model.swift; sourceTree = "<group>"; };
		7AE2051A262C87560002B233 /* Extension.swift */ = {isa = PBXFileReference; lastKnownFileType = sourcecode.swift; path = Extension.swift; sourceTree = "<group>"; };
		7AE20520262C8F920002B233 /* RoleCardCollectionViewCell.swift */ = {isa = PBXFileReference; lastKnownFileType = sourcecode.swift; path = RoleCardCollectionViewCell.swift; sourceTree = "<group>"; };
		7AE20521262C8F920002B233 /* RoleCardCollectionViewCell.xib */ = {isa = PBXFileReference; lastKnownFileType = file.xib; path = RoleCardCollectionViewCell.xib; sourceTree = "<group>"; };
		7AE20526262C8FBF0002B233 /* HeroCardCollectionViewCell.swift */ = {isa = PBXFileReference; lastKnownFileType = sourcecode.swift; path = HeroCardCollectionViewCell.swift; sourceTree = "<group>"; };
		7AE20527262C8FBF0002B233 /* HeroCardCollectionViewCell.xib */ = {isa = PBXFileReference; lastKnownFileType = file.xib; path = HeroCardCollectionViewCell.xib; sourceTree = "<group>"; };
/* End PBXFileReference section */

/* Begin PBXFrameworksBuildPhase section */
		7AE204F5262C829C0002B233 /* Frameworks */ = {
			isa = PBXFrameworksBuildPhase;
			buildActionMask = 2147483647;
			files = (
			);
			runOnlyForDeploymentPostprocessing = 0;
		};
/* End PBXFrameworksBuildPhase section */

/* Begin PBXGroup section */
		7A67A963262C94EB0021BF48 /* Hero Card View */ = {
			isa = PBXGroup;
			children = (
				7AE20526262C8FBF0002B233 /* HeroCardCollectionViewCell.swift */,
				7AE20527262C8FBF0002B233 /* HeroCardCollectionViewCell.xib */,
			);
			name = "Hero Card View";
			sourceTree = "<group>";
		};
		7A67A964262C94FA0021BF48 /* Role Card View */ = {
			isa = PBXGroup;
			children = (
				7AE20520262C8F920002B233 /* RoleCardCollectionViewCell.swift */,
				7AE20521262C8F920002B233 /* RoleCardCollectionViewCell.xib */,
			);
			name = "Role Card View";
			sourceTree = "<group>";
		};
		7A67A967262C9BBE0021BF48 /* Controller */ = {
			isa = PBXGroup;
			children = (
				7AE204FF262C829C0002B233 /* ViewController.swift */,
				7A67A969262C9BE20021BF48 /* HeroDetailViewController.swift */,
			);
			path = Controller;
			sourceTree = "<group>";
		};
		7AE204EF262C829C0002B233 = {
			isa = PBXGroup;
			children = (
				7AE204FA262C829C0002B233 /* Hero Stat - William Santoso */,
				7AE204F9262C829C0002B233 /* Products */,
			);
			sourceTree = "<group>";
		};
		7AE204F9262C829C0002B233 /* Products */ = {
			isa = PBXGroup;
			children = (
				7AE204F8262C829C0002B233 /* Hero Stat - William Santoso.app */,
			);
			name = Products;
			sourceTree = "<group>";
		};
		7AE204FA262C829C0002B233 /* Hero Stat - William Santoso */ = {
			isa = PBXGroup;
			children = (
				7AE204FB262C829C0002B233 /* AppDelegate.swift */,
				7AE204FD262C829C0002B233 /* SceneDelegate.swift */,
				7AE20512262C82E80002B233 /* Resources */,
				7AE20511262C82DC0002B233 /* Model */,
				7AE20510262C82D80002B233 /* View */,
				7A67A967262C9BBE0021BF48 /* Controller */,
				7AE20504262C829E0002B233 /* Assets.xcassets */,
				7AE20506262C829E0002B233 /* LaunchScreen.storyboard */,
				7ADA92AD262D78AD00C2341B /* HeroStat.xcdatamodeld */,
				7AE20509262C829E0002B233 /* Info.plist */,
			);
			path = "Hero Stat - William Santoso";
			sourceTree = "<group>";
		};
		7AE20510262C82D80002B233 /* View */ = {
			isa = PBXGroup;
			children = (
				7A67A963262C94EB0021BF48 /* Hero Card View */,
				7A67A964262C94FA0021BF48 /* Role Card View */,
				7AE20501262C829C0002B233 /* Main.storyboard */,
			);
			path = View;
			sourceTree = "<group>";
		};
		7AE20511262C82DC0002B233 /* Model */ = {
			isa = PBXGroup;
			children = (
				7AE20517262C83F50002B233 /* Model.swift */,
			);
			path = Model;
			sourceTree = "<group>";
		};
		7AE20512262C82E80002B233 /* Resources */ = {
			isa = PBXGroup;
			children = (
				7AE20513262C82FB0002B233 /* Networking.swift */,
				7AE2051A262C87560002B233 /* Extension.swift */,
			);
			path = Resources;
			sourceTree = "<group>";
		};
/* End PBXGroup section */

/* Begin PBXNativeTarget section */
		7AE204F7262C829C0002B233 /* Hero Stat - William Santoso */ = {
			isa = PBXNativeTarget;
			buildConfigurationList = 7AE2050C262C829E0002B233 /* Build configuration list for PBXNativeTarget "Hero Stat - William Santoso" */;
			buildPhases = (
				7AE204F4262C829C0002B233 /* Sources */,
				7AE204F5262C829C0002B233 /* Frameworks */,
				7AE204F6262C829C0002B233 /* Resources */,
			);
			buildRules = (
			);
			dependencies = (
			);
			name = "Hero Stat - William Santoso";
			productName = "Hero Stat - William Santoso";
			productReference = 7AE204F8262C829C0002B233 /* Hero Stat - William Santoso.app */;
			productType = "com.apple.product-type.application";
		};
/* End PBXNativeTarget section */

/* Begin PBXProject section */
		7AE204F0262C829C0002B233 /* Project object */ = {
			isa = PBXProject;
			attributes = {
				LastSwiftUpdateCheck = 1240;
				LastUpgradeCheck = 1240;
				TargetAttributes = {
					7AE204F7262C829C0002B233 = {
						CreatedOnToolsVersion = 12.4;
					};
				};
			};
			buildConfigurationList = 7AE204F3262C829C0002B233 /* Build configuration list for PBXProject "Hero Stat - William Santoso" */;
			compatibilityVersion = "Xcode 9.3";
			developmentRegion = en;
			hasScannedForEncodings = 0;
			knownRegions = (
				en,
				Base,
			);
			mainGroup = 7AE204EF262C829C0002B233;
			productRefGroup = 7AE204F9262C829C0002B233 /* Products */;
			projectDirPath = "";
			projectRoot = "";
			targets = (
				7AE204F7262C829C0002B233 /* Hero Stat - William Santoso */,
			);
		};
/* End PBXProject section */

/* Begin PBXResourcesBuildPhase section */
		7AE204F6262C829C0002B233 /* Resources */ = {
			isa = PBXResourcesBuildPhase;
			buildActionMask = 2147483647;
			files = (
				7AE20508262C829E0002B233 /* LaunchScreen.storyboard in Resources */,
				7AE20505262C829E0002B233 /* Assets.xcassets in Resources */,
				7AE20523262C8F920002B233 /* RoleCardCollectionViewCell.xib in Resources */,
				7AE20503262C829C0002B233 /* Main.storyboard in Resources */,
				7AE20529262C8FBF0002B233 /* HeroCardCollectionViewCell.xib in Resources */,
			);
			runOnlyForDeploymentPostprocessing = 0;
		};
/* End PBXResourcesBuildPhase section */

/* Begin PBXSourcesBuildPhase section */
		7AE204F4262C829C0002B233 /* Sources */ = {
			isa = PBXSourcesBuildPhase;
			buildActionMask = 2147483647;
			files = (
				7AE20518262C83F50002B233 /* Model.swift in Sources */,
				7AE20500262C829C0002B233 /* ViewController.swift in Sources */,
				7AE204FC262C829C0002B233 /* AppDelegate.swift in Sources */,
				7ADA92AF262D78AD00C2341B /* HeroStat.xcdatamodeld in Sources */,
				7AE2051B262C87560002B233 /* Extension.swift in Sources */,
				7A67A96A262C9BE20021BF48 /* HeroDetailViewController.swift in Sources */,
				7AE20528262C8FBF0002B233 /* HeroCardCollectionViewCell.swift in Sources */,
				7AE204FE262C829C0002B233 /* SceneDelegate.swift in Sources */,
				7AE20514262C82FB0002B233 /* Networking.swift in Sources */,
				7AE20522262C8F920002B233 /* RoleCardCollectionViewCell.swift in Sources */,
			);
			runOnlyForDeploymentPostprocessing = 0;
		};
/* End PBXSourcesBuildPhase section */

/* Begin PBXVariantGroup section */
		7AE20501262C829C0002B233 /* Main.storyboard */ = {
			isa = PBXVariantGroup;
			children = (
				7AE20502262C829C0002B233 /* Base */,
			);
			name = Main.storyboard;
			sourceTree = "<group>";
		};
		7AE20506262C829E0002B233 /* LaunchScreen.storyboard */ = {
			isa = PBXVariantGroup;
			children = (
				7AE20507262C829E0002B233 /* Base */,
			);
			name = LaunchScreen.storyboard;
			sourceTree = "<group>";
		};
/* End PBXVariantGroup section */

/* Begin XCBuildConfiguration section */
		7AE2050A262C829E0002B233 /* Debug */ = {
			isa = XCBuildConfiguration;
			buildSettings = {
				ALWAYS_SEARCH_USER_PATHS = NO;
				CLANG_ANALYZER_NONNULL = YES;
				CLANG_ANALYZER_NUMBER_OBJECT_CONVERSION = YES_AGGRESSIVE;
				CLANG_CXX_LANGUAGE_STANDARD = "gnu++14";
				CLANG_CXX_LIBRARY = "libc++";
				CLANG_ENABLE_MODULES = YES;
				CLANG_ENABLE_OBJC_ARC = YES;
				CLANG_ENABLE_OBJC_WEAK = YES;
				CLANG_WARN_BLOCK_CAPTURE_AUTORELEASING = YES;
				CLANG_WARN_BOOL_CONVERSION = YES;
				CLANG_WARN_COMMA = YES;
				CLANG_WARN_CONSTANT_CONVERSION = YES;
				CLANG_WARN_DEPRECATED_OBJC_IMPLEMENTATIONS = YES;
				CLANG_WARN_DIRECT_OBJC_ISA_USAGE = YES_ERROR;
				CLANG_WARN_DOCUMENTATION_COMMENTS = YES;
				CLANG_WARN_EMPTY_BODY = YES;
				CLANG_WARN_ENUM_CONVERSION = YES;
				CLANG_WARN_INFINITE_RECURSION = YES;
				CLANG_WARN_INT_CONVERSION = YES;
				CLANG_WARN_NON_LITERAL_NULL_CONVERSION = YES;
				CLANG_WARN_OBJC_IMPLICIT_RETAIN_SELF = YES;
				CLANG_WARN_OBJC_LITERAL_CONVERSION = YES;
				CLANG_WARN_OBJC_ROOT_CLASS = YES_ERROR;
				CLANG_WARN_QUOTED_INCLUDE_IN_FRAMEWORK_HEADER = YES;
				CLANG_WARN_RANGE_LOOP_ANALYSIS = YES;
				CLANG_WARN_STRICT_PROTOTYPES = YES;
				CLANG_WARN_SUSPICIOUS_MOVE = YES;
				CLANG_WARN_UNGUARDED_AVAILABILITY = YES_AGGRESSIVE;
				CLANG_WARN_UNREACHABLE_CODE = YES;
				CLANG_WARN__DUPLICATE_METHOD_MATCH = YES;
				COPY_PHASE_STRIP = NO;
				DEBUG_INFORMATION_FORMAT = dwarf;
				ENABLE_STRICT_OBJC_MSGSEND = YES;
				ENABLE_TESTABILITY = YES;
				GCC_C_LANGUAGE_STANDARD = gnu11;
				GCC_DYNAMIC_NO_PIC = NO;
				GCC_NO_COMMON_BLOCKS = YES;
				GCC_OPTIMIZATION_LEVEL = 0;
				GCC_PREPROCESSOR_DEFINITIONS = (
					"DEBUG=1",
					"$(inherited)",
				);
				GCC_WARN_64_TO_32_BIT_CONVERSION = YES;
				GCC_WARN_ABOUT_RETURN_TYPE = YES_ERROR;
				GCC_WARN_UNDECLARED_SELECTOR = YES;
				GCC_WARN_UNINITIALIZED_AUTOS = YES_AGGRESSIVE;
				GCC_WARN_UNUSED_FUNCTION = YES;
				GCC_WARN_UNUSED_VARIABLE = YES;
				IPHONEOS_DEPLOYMENT_TARGET = 14.4;
				MTL_ENABLE_DEBUG_INFO = INCLUDE_SOURCE;
				MTL_FAST_MATH = YES;
				ONLY_ACTIVE_ARCH = YES;
				SDKROOT = iphoneos;
				SWIFT_ACTIVE_COMPILATION_CONDITIONS = DEBUG;
				SWIFT_OPTIMIZATION_LEVEL = "-Onone";
			};
			name = Debug;
		};
		7AE2050B262C829E0002B233 /* Release */ = {
			isa = XCBuildConfiguration;
			buildSettings = {
				ALWAYS_SEARCH_USER_PATHS = NO;
				CLANG_ANALYZER_NONNULL = YES;
				CLANG_ANALYZER_NUMBER_OBJECT_CONVERSION = YES_AGGRESSIVE;
				CLANG_CXX_LANGUAGE_STANDARD = "gnu++14";
				CLANG_CXX_LIBRARY = "libc++";
				CLANG_ENABLE_MODULES = YES;
				CLANG_ENABLE_OBJC_ARC = YES;
				CLANG_ENABLE_OBJC_WEAK = YES;
				CLANG_WARN_BLOCK_CAPTURE_AUTORELEASING = YES;
				CLANG_WARN_BOOL_CONVERSION = YES;
				CLANG_WARN_COMMA = YES;
				CLANG_WARN_CONSTANT_CONVERSION = YES;
				CLANG_WARN_DEPRECATED_OBJC_IMPLEMENTATIONS = YES;
				CLANG_WARN_DIRECT_OBJC_ISA_USAGE = YES_ERROR;
				CLANG_WARN_DOCUMENTATION_COMMENTS = YES;
				CLANG_WARN_EMPTY_BODY = YES;
				CLANG_WARN_ENUM_CONVERSION = YES;
				CLANG_WARN_INFINITE_RECURSION = YES;
				CLANG_WARN_INT_CONVERSION = YES;
				CLANG_WARN_NON_LITERAL_NULL_CONVERSION = YES;
				CLANG_WARN_OBJC_IMPLICIT_RETAIN_SELF = YES;
				CLANG_WARN_OBJC_LITERAL_CONVERSION = YES;
				CLANG_WARN_OBJC_ROOT_CLASS = YES_ERROR;
				CLANG_WARN_QUOTED_INCLUDE_IN_FRAMEWORK_HEADER = YES;
				CLANG_WARN_RANGE_LOOP_ANALYSIS = YES;
				CLANG_WARN_STRICT_PROTOTYPES = YES;
				CLANG_WARN_SUSPICIOUS_MOVE = YES;
				CLANG_WARN_UNGUARDED_AVAILABILITY = YES_AGGRESSIVE;
				CLANG_WARN_UNREACHABLE_CODE = YES;
				CLANG_WARN__DUPLICATE_METHOD_MATCH = YES;
				COPY_PHASE_STRIP = NO;
				DEBUG_INFORMATION_FORMAT = "dwarf-with-dsym";
				ENABLE_NS_ASSERTIONS = NO;
				ENABLE_STRICT_OBJC_MSGSEND = YES;
				GCC_C_LANGUAGE_STANDARD = gnu11;
				GCC_NO_COMMON_BLOCKS = YES;
				GCC_WARN_64_TO_32_BIT_CONVERSION = YES;
				GCC_WARN_ABOUT_RETURN_TYPE = YES_ERROR;
				GCC_WARN_UNDECLARED_SELECTOR = YES;
				GCC_WARN_UNINITIALIZED_AUTOS = YES_AGGRESSIVE;
				GCC_WARN_UNUSED_FUNCTION = YES;
				GCC_WARN_UNUSED_VARIABLE = YES;
				IPHONEOS_DEPLOYMENT_TARGET = 14.4;
				MTL_ENABLE_DEBUG_INFO = NO;
				MTL_FAST_MATH = YES;
				SDKROOT = iphoneos;
				SWIFT_COMPILATION_MODE = wholemodule;
				SWIFT_OPTIMIZATION_LEVEL = "-O";
				VALIDATE_PRODUCT = YES;
			};
			name = Release;
		};
		7AE2050D262C829E0002B233 /* Debug */ = {
			isa = XCBuildConfiguration;
			buildSettings = {
				ASSETCATALOG_COMPILER_APPICON_NAME = AppIcon;
				ASSETCATALOG_COMPILER_GLOBAL_ACCENT_COLOR_NAME = AccentColor;
				CODE_SIGN_STYLE = Automatic;
				DEVELOPMENT_TEAM = 497N7524MA;
				INFOPLIST_FILE = "Hero Stat - William Santoso/Info.plist";
				LD_RUNPATH_SEARCH_PATHS = (
					"$(inherited)",
					"@executable_path/Frameworks",
				);
				PRODUCT_BUNDLE_IDENTIFIER = "com.williamsantoso.Hero-Stat---William-Santoso";
				PRODUCT_NAME = "$(TARGET_NAME)";
				SWIFT_VERSION = 5.0;
				TARGETED_DEVICE_FAMILY = "1,2";
			};
			name = Debug;
		};
		7AE2050E262C829E0002B233 /* Release */ = {
			isa = XCBuildConfiguration;
			buildSettings = {
				ASSETCATALOG_COMPILER_APPICON_NAME = AppIcon;
				ASSETCATALOG_COMPILER_GLOBAL_ACCENT_COLOR_NAME = AccentColor;
				CODE_SIGN_STYLE = Automatic;
				DEVELOPMENT_TEAM = 497N7524MA;
				INFOPLIST_FILE = "Hero Stat - William Santoso/Info.plist";
				LD_RUNPATH_SEARCH_PATHS = (
					"$(inherited)",
					"@executable_path/Frameworks",
				);
				PRODUCT_BUNDLE_IDENTIFIER = "com.williamsantoso.Hero-Stat---William-Santoso";
				PRODUCT_NAME = "$(TARGET_NAME)";
				SWIFT_VERSION = 5.0;
				TARGETED_DEVICE_FAMILY = "1,2";
			};
			name = Release;
		};
/* End XCBuildConfiguration section */

/* Begin XCConfigurationList section */
		7AE204F3262C829C0002B233 /* Build configuration list for PBXProject "Hero Stat - William Santoso" */ = {
			isa = XCConfigurationList;
			buildConfigurations = (
				7AE2050A262C829E0002B233 /* Debug */,
				7AE2050B262C829E0002B233 /* Release */,
			);
			defaultConfigurationIsVisible = 0;
			defaultConfigurationName = Release;
		};
		7AE2050C262C829E0002B233 /* Build configuration list for PBXNativeTarget "Hero Stat - William Santoso" */ = {
			isa = XCConfigurationList;
			buildConfigurations = (
				7AE2050D262C829E0002B233 /* Debug */,
				7AE2050E262C829E0002B233 /* Release */,
			);
			defaultConfigurationIsVisible = 0;
			defaultConfigurationName = Release;
		};
/* End XCConfigurationList section */

/* Begin XCVersionGroup section */
		7ADA92AD262D78AD00C2341B /* HeroStat.xcdatamodeld */ = {
			isa = XCVersionGroup;
			children = (
				7ADA92AE262D78AD00C2341B /* HeroStat.xcdatamodel */,
			);
			currentVersion = 7ADA92AE262D78AD00C2341B /* HeroStat.xcdatamodel */;
			path = HeroStat.xcdatamodeld;
			sourceTree = "<group>";
			versionGroupType = wrapper.xcdatamodel;
		};
/* End XCVersionGroup section */
	};
	rootObject = 7AE204F0262C829C0002B233 /* Project object */;
}
